// !$*UTF8*$!
{
	archiveVersion = 1;
	classes = {
	};
	objectVersion = 50;
	objects = {

/* Begin PBXBuildFile section */
		3A0133B921338FE100FF88A3 /* Word.swift in Sources */ = {isa = PBXBuildFile; fileRef = 3A0133B821338FE100FF88A3 /* Word.swift */; };
		3A0133BA21338FE100FF88A3 /* Word.swift in Sources */ = {isa = PBXBuildFile; fileRef = 3A0133B821338FE100FF88A3 /* Word.swift */; };
		3A0133C22138E05000FF88A3 /* KeybuttonView.xib in Resources */ = {isa = PBXBuildFile; fileRef = 3A0133C12138E05000FF88A3 /* KeybuttonView.xib */; };
		3A0133C32138E05000FF88A3 /* KeybuttonView.xib in Resources */ = {isa = PBXBuildFile; fileRef = 3A0133C12138E05000FF88A3 /* KeybuttonView.xib */; };
		3A79C4C5213E85FF00218EE8 /* EnglishQ.swift in Sources */ = {isa = PBXBuildFile; fileRef = 3A79C4C4213E85FF00218EE8 /* EnglishQ.swift */; };
		3A79C4C6213E85FF00218EE8 /* EnglishQ.swift in Sources */ = {isa = PBXBuildFile; fileRef = 3A79C4C4213E85FF00218EE8 /* EnglishQ.swift */; };
		3A79C4C8213E885900218EE8 /* SettingsViewController.swift in Sources */ = {isa = PBXBuildFile; fileRef = 3A79C4C7213E885900218EE8 /* SettingsViewController.swift */; };
		3A939AD5212BC8A700631519 /* autocomplete.swift in Sources */ = {isa = PBXBuildFile; fileRef = 3A939AD4212BC8A700631519 /* autocomplete.swift */; };
		3A939AD6212BC8DE00631519 /* autocomplete.swift in Sources */ = {isa = PBXBuildFile; fileRef = 3A939AD4212BC8A700631519 /* autocomplete.swift */; };
		3A9F28DF213D0F7B007934C5 /* turkish.csv in Resources */ = {isa = PBXBuildFile; fileRef = 3A9F28DE213D0F7B007934C5 /* turkish.csv */; };
		3A9F28E0213D0F7B007934C5 /* turkish.csv in Resources */ = {isa = PBXBuildFile; fileRef = 3A9F28DE213D0F7B007934C5 /* turkish.csv */; };
		3AA7F0AA212BA76E00949D0B /* SpecialRowController.swift in Sources */ = {isa = PBXBuildFile; fileRef = 3AA7F0A9212BA76E00949D0B /* SpecialRowController.swift */; };
		3AA7F0AB212BA76E00949D0B /* SpecialRowController.swift in Sources */ = {isa = PBXBuildFile; fileRef = 3AA7F0A9212BA76E00949D0B /* SpecialRowController.swift */; };
		3ACC4A08212538ED006A7EC5 /* AppDelegate.swift in Sources */ = {isa = PBXBuildFile; fileRef = 3ACC4A07212538ED006A7EC5 /* AppDelegate.swift */; };
		3ACC4A0A212538ED006A7EC5 /* ViewController.swift in Sources */ = {isa = PBXBuildFile; fileRef = 3ACC4A09212538ED006A7EC5 /* ViewController.swift */; };
		3ACC4A0D212538ED006A7EC5 /* Main.storyboard in Resources */ = {isa = PBXBuildFile; fileRef = 3ACC4A0B212538ED006A7EC5 /* Main.storyboard */; };
		3ACC4A0F212538EE006A7EC5 /* Assets.xcassets in Resources */ = {isa = PBXBuildFile; fileRef = 3ACC4A0E212538EE006A7EC5 /* Assets.xcassets */; };
		3ACC4A12212538EE006A7EC5 /* LaunchScreen.storyboard in Resources */ = {isa = PBXBuildFile; fileRef = 3ACC4A10212538EE006A7EC5 /* LaunchScreen.storyboard */; };
		3ACC4A2021253901006A7EC5 /* KeyboardViewController.swift in Sources */ = {isa = PBXBuildFile; fileRef = 3ACC4A1F21253901006A7EC5 /* KeyboardViewController.swift */; };
		3ACC4A2421253901006A7EC5 /* keyboardExtension.appex in Embed App Extensions */ = {isa = PBXBuildFile; fileRef = 3ACC4A1D21253901006A7EC5 /* keyboardExtension.appex */; settings = {ATTRIBUTES = (RemoveHeadersOnCopy, ); }; };
		3ACC4A2A21253B41006A7EC5 /* KeyboardViewController.swift in Sources */ = {isa = PBXBuildFile; fileRef = 3ACC4A1F21253901006A7EC5 /* KeyboardViewController.swift */; };
		3AEE552521294BB4006979FE /* SpellcheckController.swift in Sources */ = {isa = PBXBuildFile; fileRef = 3AEE552421294BB4006979FE /* SpellcheckController.swift */; };
		3AEE5526212951A8006979FE /* SpellcheckController.swift in Sources */ = {isa = PBXBuildFile; fileRef = 3AEE552421294BB4006979FE /* SpellcheckController.swift */; };
		3AEE55282129E65A006979FE /* TextTracker.swift in Sources */ = {isa = PBXBuildFile; fileRef = 3AEE55272129E65A006979FE /* TextTracker.swift */; };
		3AEE55292129E65A006979FE /* TextTracker.swift in Sources */ = {isa = PBXBuildFile; fileRef = 3AEE55272129E65A006979FE /* TextTracker.swift */; };
		3AF03E02212E7271000C07C7 /* my_model.mlmodel in Sources */ = {isa = PBXBuildFile; fileRef = 3AF03E01212E7271000C07C7 /* my_model.mlmodel */; };
		3AF03E03212E7271000C07C7 /* my_model.mlmodel in Sources */ = {isa = PBXBuildFile; fileRef = 3AF03E01212E7271000C07C7 /* my_model.mlmodel */; };
		3AF03E05212E81DB000C07C7 /* CorrectSpelling.swift in Sources */ = {isa = PBXBuildFile; fileRef = 3AF03E04212E81DB000C07C7 /* CorrectSpelling.swift */; };
		3AF03E06212E81DB000C07C7 /* CorrectSpelling.swift in Sources */ = {isa = PBXBuildFile; fileRef = 3AF03E04212E81DB000C07C7 /* CorrectSpelling.swift */; };
		3AF03E08212F99FA000C07C7 /* english.csv in Resources */ = {isa = PBXBuildFile; fileRef = 3AF03E07212F99FA000C07C7 /* english.csv */; };
		3AF03E09212F99FA000C07C7 /* english.csv in Resources */ = {isa = PBXBuildFile; fileRef = 3AF03E07212F99FA000C07C7 /* english.csv */; };
/* End PBXBuildFile section */

/* Begin PBXContainerItemProxy section */
		3ACC4A2221253901006A7EC5 /* PBXContainerItemProxy */ = {
			isa = PBXContainerItemProxy;
			containerPortal = 3ACC49FC212538ED006A7EC5 /* Project object */;
			proxyType = 1;
			remoteGlobalIDString = 3ACC4A1C21253901006A7EC5;
			remoteInfo = keyboardExtension;
		};
/* End PBXContainerItemProxy section */

/* Begin PBXCopyFilesBuildPhase section */
		3ACC4A2821253901006A7EC5 /* Embed App Extensions */ = {
			isa = PBXCopyFilesBuildPhase;
			buildActionMask = 2147483647;
			dstPath = "";
			dstSubfolderSpec = 13;
			files = (
				3ACC4A2421253901006A7EC5 /* keyboardExtension.appex in Embed App Extensions */,
			);
			name = "Embed App Extensions";
			runOnlyForDeploymentPostprocessing = 0;
		};
/* End PBXCopyFilesBuildPhase section */

/* Begin PBXFileReference section */
		3A0133B821338FE100FF88A3 /* Word.swift */ = {isa = PBXFileReference; lastKnownFileType = sourcecode.swift; path = Word.swift; sourceTree = "<group>"; };
		3A0133C12138E05000FF88A3 /* KeybuttonView.xib */ = {isa = PBXFileReference; fileEncoding = 4; lastKnownFileType = file.xib; path = KeybuttonView.xib; sourceTree = "<group>"; };
		3A79C4C4213E85FF00218EE8 /* EnglishQ.swift */ = {isa = PBXFileReference; lastKnownFileType = sourcecode.swift; path = EnglishQ.swift; sourceTree = "<group>"; };
		3A79C4C7213E885900218EE8 /* SettingsViewController.swift */ = {isa = PBXFileReference; lastKnownFileType = sourcecode.swift; path = SettingsViewController.swift; sourceTree = "<group>"; };
		3A79C4CA213E8E0D00218EE8 /* keyboardExtension.entitlements */ = {isa = PBXFileReference; lastKnownFileType = text.plist.entitlements; path = keyboardExtension.entitlements; sourceTree = "<group>"; };
		3A79C4CB213E8E2200218EE8 /* akifkeyboard.entitlements */ = {isa = PBXFileReference; lastKnownFileType = text.plist.entitlements; path = akifkeyboard.entitlements; sourceTree = "<group>"; };
		3A939AD4212BC8A700631519 /* autocomplete.swift */ = {isa = PBXFileReference; lastKnownFileType = sourcecode.swift; path = autocomplete.swift; sourceTree = "<group>"; };
		3A9F28DE213D0F7B007934C5 /* turkish.csv */ = {isa = PBXFileReference; fileEncoding = 4; lastKnownFileType = text; path = turkish.csv; sourceTree = "<group>"; };
		3AA7F0A9212BA76E00949D0B /* SpecialRowController.swift */ = {isa = PBXFileReference; lastKnownFileType = sourcecode.swift; path = SpecialRowController.swift; sourceTree = "<group>"; };
		3ACC4A04212538ED006A7EC5 /* akifkeyboard.app */ = {isa = PBXFileReference; explicitFileType = wrapper.application; includeInIndex = 0; path = akifkeyboard.app; sourceTree = BUILT_PRODUCTS_DIR; };
		3ACC4A07212538ED006A7EC5 /* AppDelegate.swift */ = {isa = PBXFileReference; lastKnownFileType = sourcecode.swift; path = AppDelegate.swift; sourceTree = "<group>"; };
		3ACC4A09212538ED006A7EC5 /* ViewController.swift */ = {isa = PBXFileReference; lastKnownFileType = sourcecode.swift; path = ViewController.swift; sourceTree = "<group>"; };
		3ACC4A0C212538ED006A7EC5 /* Base */ = {isa = PBXFileReference; lastKnownFileType = file.storyboard; name = Base; path = Base.lproj/Main.storyboard; sourceTree = "<group>"; };
		3ACC4A0E212538EE006A7EC5 /* Assets.xcassets */ = {isa = PBXFileReference; lastKnownFileType = folder.assetcatalog; path = Assets.xcassets; sourceTree = "<group>"; };
		3ACC4A11212538EE006A7EC5 /* Base */ = {isa = PBXFileReference; lastKnownFileType = file.storyboard; name = Base; path = Base.lproj/LaunchScreen.storyboard; sourceTree = "<group>"; };
		3ACC4A13212538EE006A7EC5 /* Info.plist */ = {isa = PBXFileReference; lastKnownFileType = text.plist.xml; path = Info.plist; sourceTree = "<group>"; };
		3ACC4A1D21253901006A7EC5 /* keyboardExtension.appex */ = {isa = PBXFileReference; explicitFileType = "wrapper.app-extension"; includeInIndex = 0; path = keyboardExtension.appex; sourceTree = BUILT_PRODUCTS_DIR; };
		3ACC4A1F21253901006A7EC5 /* KeyboardViewController.swift */ = {isa = PBXFileReference; lastKnownFileType = sourcecode.swift; path = KeyboardViewController.swift; sourceTree = "<group>"; };
		3ACC4A2121253901006A7EC5 /* Info.plist */ = {isa = PBXFileReference; lastKnownFileType = text.plist.xml; path = Info.plist; sourceTree = "<group>"; };
		3AEE552421294BB4006979FE /* SpellcheckController.swift */ = {isa = PBXFileReference; lastKnownFileType = sourcecode.swift; path = SpellcheckController.swift; sourceTree = "<group>"; };
		3AEE55272129E65A006979FE /* TextTracker.swift */ = {isa = PBXFileReference; lastKnownFileType = sourcecode.swift; path = TextTracker.swift; sourceTree = "<group>"; };
		3AF03E01212E7271000C07C7 /* my_model.mlmodel */ = {isa = PBXFileReference; lastKnownFileType = file.mlmodel; path = my_model.mlmodel; sourceTree = "<group>"; };
		3AF03E04212E81DB000C07C7 /* CorrectSpelling.swift */ = {isa = PBXFileReference; lastKnownFileType = sourcecode.swift; path = CorrectSpelling.swift; sourceTree = "<group>"; };
		3AF03E07212F99FA000C07C7 /* english.csv */ = {isa = PBXFileReference; fileEncoding = 4; lastKnownFileType = text; path = english.csv; sourceTree = "<group>"; };
/* End PBXFileReference section */

/* Begin PBXFrameworksBuildPhase section */
		3ACC4A01212538ED006A7EC5 /* Frameworks */ = {
			isa = PBXFrameworksBuildPhase;
			buildActionMask = 2147483647;
			files = (
			);
			runOnlyForDeploymentPostprocessing = 0;
		};
		3ACC4A1A21253901006A7EC5 /* Frameworks */ = {
			isa = PBXFrameworksBuildPhase;
			buildActionMask = 2147483647;
			files = (
			);
			runOnlyForDeploymentPostprocessing = 0;
		};
/* End PBXFrameworksBuildPhase section */

/* Begin PBXGroup section */
		3A0133B721338FB400FF88A3 /* Spelling */ = {
			isa = PBXGroup;
			children = (
				3AEE552421294BB4006979FE /* SpellcheckController.swift */,
				3A939AD4212BC8A700631519 /* autocomplete.swift */,
				3AF03E04212E81DB000C07C7 /* CorrectSpelling.swift */,
				3A0133B821338FE100FF88A3 /* Word.swift */,
			);
			path = Spelling;
			sourceTree = "<group>";
		};
		3A79C4C3213E85E100218EE8 /* Specializations */ = {
			isa = PBXGroup;
			children = (
				3A79C4C4213E85FF00218EE8 /* EnglishQ.swift */,
			);
			path = Specializations;
			sourceTree = "<group>";
		};
		3ACC49FB212538ED006A7EC5 = {
			isa = PBXGroup;
			children = (
				3ACC4A06212538ED006A7EC5 /* akifkeyboard */,
				3ACC4A1E21253901006A7EC5 /* keyboardExtension */,
				3ACC4A05212538ED006A7EC5 /* Products */,
			);
			sourceTree = "<group>";
		};
		3ACC4A05212538ED006A7EC5 /* Products */ = {
			isa = PBXGroup;
			children = (
				3ACC4A04212538ED006A7EC5 /* akifkeyboard.app */,
				3ACC4A1D21253901006A7EC5 /* keyboardExtension.appex */,
			);
			name = Products;
			sourceTree = "<group>";
		};
		3ACC4A06212538ED006A7EC5 /* akifkeyboard */ = {
			isa = PBXGroup;
			children = (
				3A79C4CB213E8E2200218EE8 /* akifkeyboard.entitlements */,
				3ACC4A07212538ED006A7EC5 /* AppDelegate.swift */,
				3ACC4A09212538ED006A7EC5 /* ViewController.swift */,
				3A79C4C7213E885900218EE8 /* SettingsViewController.swift */,
				3ACC4A0B212538ED006A7EC5 /* Main.storyboard */,
				3ACC4A0E212538EE006A7EC5 /* Assets.xcassets */,
				3ACC4A10212538EE006A7EC5 /* LaunchScreen.storyboard */,
				3ACC4A13212538EE006A7EC5 /* Info.plist */,
			);
			path = akifkeyboard;
			sourceTree = "<group>";
		};
		3ACC4A1E21253901006A7EC5 /* keyboardExtension */ = {
			isa = PBXGroup;
			children = (
				3A79C4CA213E8E0D00218EE8 /* keyboardExtension.entitlements */,
				3A0133B721338FB400FF88A3 /* Spelling */,
				3AF03E01212E7271000C07C7 /* my_model.mlmodel */,
				3AF03E07212F99FA000C07C7 /* english.csv */,
				3A9F28DE213D0F7B007934C5 /* turkish.csv */,
				3ACC4A1F21253901006A7EC5 /* KeyboardViewController.swift */,
				3A0133C12138E05000FF88A3 /* KeybuttonView.xib */,
				3AA7F0A9212BA76E00949D0B /* SpecialRowController.swift */,
				3AEE55272129E65A006979FE /* TextTracker.swift */,
				3A79C4C3213E85E100218EE8 /* Specializations */,
				3ACC4A2121253901006A7EC5 /* Info.plist */,
			);
			path = keyboardExtension;
			sourceTree = "<group>";
		};
/* End PBXGroup section */

/* Begin PBXNativeTarget section */
		3ACC4A03212538ED006A7EC5 /* akifkeyboard */ = {
			isa = PBXNativeTarget;
			buildConfigurationList = 3ACC4A16212538EE006A7EC5 /* Build configuration list for PBXNativeTarget "akifkeyboard" */;
			buildPhases = (
				3ACC4A00212538ED006A7EC5 /* Sources */,
				3ACC4A01212538ED006A7EC5 /* Frameworks */,
				3ACC4A02212538ED006A7EC5 /* Resources */,
				3ACC4A2821253901006A7EC5 /* Embed App Extensions */,
			);
			buildRules = (
			);
			dependencies = (
				3ACC4A2321253901006A7EC5 /* PBXTargetDependency */,
			);
			name = akifkeyboard;
			productName = akifkeyboard;
			productReference = 3ACC4A04212538ED006A7EC5 /* akifkeyboard.app */;
			productType = "com.apple.product-type.application";
		};
		3ACC4A1C21253901006A7EC5 /* keyboardExtension */ = {
			isa = PBXNativeTarget;
			buildConfigurationList = 3ACC4A2521253901006A7EC5 /* Build configuration list for PBXNativeTarget "keyboardExtension" */;
			buildPhases = (
				3ACC4A1921253901006A7EC5 /* Sources */,
				3ACC4A1A21253901006A7EC5 /* Frameworks */,
				3ACC4A1B21253901006A7EC5 /* Resources */,
			);
			buildRules = (
			);
			dependencies = (
			);
			name = keyboardExtension;
			productName = keyboardExtension;
			productReference = 3ACC4A1D21253901006A7EC5 /* keyboardExtension.appex */;
			productType = "com.apple.product-type.app-extension";
		};
/* End PBXNativeTarget section */

/* Begin PBXProject section */
		3ACC49FC212538ED006A7EC5 /* Project object */ = {
			isa = PBXProject;
			attributes = {
				LastSwiftUpdateCheck = 0940;
				LastUpgradeCheck = 0940;
				ORGANIZATIONNAME = "Akif Heren";
				TargetAttributes = {
					3ACC4A03212538ED006A7EC5 = {
						CreatedOnToolsVersion = 9.4.1;
						SystemCapabilities = {
							com.apple.ApplicationGroups.iOS = {
								enabled = 1;
							};
						};
					};
					3ACC4A1C21253901006A7EC5 = {
						CreatedOnToolsVersion = 9.4.1;
						SystemCapabilities = {
							com.apple.ApplicationGroups.iOS = {
								enabled = 1;
							};
						};
					};
				};
			};
			buildConfigurationList = 3ACC49FF212538ED006A7EC5 /* Build configuration list for PBXProject "akifkeyboard" */;
			compatibilityVersion = "Xcode 9.3";
			developmentRegion = en;
			hasScannedForEncodings = 0;
			knownRegions = (
				en,
				Base,
			);
			mainGroup = 3ACC49FB212538ED006A7EC5;
			productRefGroup = 3ACC4A05212538ED006A7EC5 /* Products */;
			projectDirPath = "";
			projectRoot = "";
			targets = (
				3ACC4A03212538ED006A7EC5 /* akifkeyboard */,
				3ACC4A1C21253901006A7EC5 /* keyboardExtension */,
			);
		};
/* End PBXProject section */

/* Begin PBXResourcesBuildPhase section */
		3ACC4A02212538ED006A7EC5 /* Resources */ = {
			isa = PBXResourcesBuildPhase;
			buildActionMask = 2147483647;
			files = (
				3ACC4A12212538EE006A7EC5 /* LaunchScreen.storyboard in Resources */,
				3A9F28DF213D0F7B007934C5 /* turkish.csv in Resources */,
				3AF03E08212F99FA000C07C7 /* english.csv in Resources */,
				3A0133C22138E05000FF88A3 /* KeybuttonView.xib in Resources */,
				3ACC4A0F212538EE006A7EC5 /* Assets.xcassets in Resources */,
				3ACC4A0D212538ED006A7EC5 /* Main.storyboard in Resources */,
			);
			runOnlyForDeploymentPostprocessing = 0;
		};
		3ACC4A1B21253901006A7EC5 /* Resources */ = {
			isa = PBXResourcesBuildPhase;
			buildActionMask = 2147483647;
			files = (
				3A9F28E0213D0F7B007934C5 /* turkish.csv in Resources */,
				3AF03E09212F99FA000C07C7 /* english.csv in Resources */,
				3A0133C32138E05000FF88A3 /* KeybuttonView.xib in Resources */,
			);
			runOnlyForDeploymentPostprocessing = 0;
		};
/* End PBXResourcesBuildPhase section */

/* Begin PBXSourcesBuildPhase section */
		3ACC4A00212538ED006A7EC5 /* Sources */ = {
			isa = PBXSourcesBuildPhase;
			buildActionMask = 2147483647;
			files = (
				3ACC4A0A212538ED006A7EC5 /* ViewController.swift in Sources */,
				3A939AD6212BC8DE00631519 /* autocomplete.swift in Sources */,
				3ACC4A2A21253B41006A7EC5 /* KeyboardViewController.swift in Sources */,
				3AA7F0AA212BA76E00949D0B /* SpecialRowController.swift in Sources */,
				3A79C4C5213E85FF00218EE8 /* EnglishQ.swift in Sources */,
				3AEE55282129E65A006979FE /* TextTracker.swift in Sources */,
				3AF03E05212E81DB000C07C7 /* CorrectSpelling.swift in Sources */,
				3ACC4A08212538ED006A7EC5 /* AppDelegate.swift in Sources */,
				3A0133B921338FE100FF88A3 /* Word.swift in Sources */,
				3AF03E02212E7271000C07C7 /* my_model.mlmodel in Sources */,
				3AEE5526212951A8006979FE /* SpellcheckController.swift in Sources */,
				3A79C4C8213E885900218EE8 /* SettingsViewController.swift in Sources */,
			);
			runOnlyForDeploymentPostprocessing = 0;
		};
		3ACC4A1921253901006A7EC5 /* Sources */ = {
			isa = PBXSourcesBuildPhase;
			buildActionMask = 2147483647;
			files = (
				3AEE55292129E65A006979FE /* TextTracker.swift in Sources */,
				3A0133BA21338FE100FF88A3 /* Word.swift in Sources */,
				3ACC4A2021253901006A7EC5 /* KeyboardViewController.swift in Sources */,
				3AF03E03212E7271000C07C7 /* my_model.mlmodel in Sources */,
				3AA7F0AB212BA76E00949D0B /* SpecialRowController.swift in Sources */,
				3A79C4C6213E85FF00218EE8 /* EnglishQ.swift in Sources */,
				3AF03E06212E81DB000C07C7 /* CorrectSpelling.swift in Sources */,
				3AEE552521294BB4006979FE /* SpellcheckController.swift in Sources */,
				3A939AD5212BC8A700631519 /* autocomplete.swift in Sources */,
			);
			runOnlyForDeploymentPostprocessing = 0;
		};
/* End PBXSourcesBuildPhase section */

/* Begin PBXTargetDependency section */
		3ACC4A2321253901006A7EC5 /* PBXTargetDependency */ = {
			isa = PBXTargetDependency;
			target = 3ACC4A1C21253901006A7EC5 /* keyboardExtension */;
			targetProxy = 3ACC4A2221253901006A7EC5 /* PBXContainerItemProxy */;
		};
/* End PBXTargetDependency section */

/* Begin PBXVariantGroup section */
		3ACC4A0B212538ED006A7EC5 /* Main.storyboard */ = {
			isa = PBXVariantGroup;
			children = (
				3ACC4A0C212538ED006A7EC5 /* Base */,
			);
			name = Main.storyboard;
			sourceTree = "<group>";
		};
		3ACC4A10212538EE006A7EC5 /* LaunchScreen.storyboard */ = {
			isa = PBXVariantGroup;
			children = (
				3ACC4A11212538EE006A7EC5 /* Base */,
			);
			name = LaunchScreen.storyboard;
			sourceTree = "<group>";
		};
/* End PBXVariantGroup section */

/* Begin XCBuildConfiguration section */
		3ACC4A14212538EE006A7EC5 /* Debug */ = {
			isa = XCBuildConfiguration;
			buildSettings = {
				ALWAYS_SEARCH_USER_PATHS = NO;
				CLANG_ANALYZER_NONNULL = YES;
				CLANG_ANALYZER_NUMBER_OBJECT_CONVERSION = YES_AGGRESSIVE;
				CLANG_CXX_LANGUAGE_STANDARD = "gnu++14";
				CLANG_CXX_LIBRARY = "libc++";
				CLANG_ENABLE_MODULES = YES;
				CLANG_ENABLE_OBJC_ARC = YES;
				CLANG_ENABLE_OBJC_WEAK = YES;
				CLANG_WARN_BLOCK_CAPTURE_AUTORELEASING = YES;
				CLANG_WARN_BOOL_CONVERSION = YES;
				CLANG_WARN_COMMA = YES;
				CLANG_WARN_CONSTANT_CONVERSION = YES;
				CLANG_WARN_DEPRECATED_OBJC_IMPLEMENTATIONS = YES;
				CLANG_WARN_DIRECT_OBJC_ISA_USAGE = YES_ERROR;
				CLANG_WARN_DOCUMENTATION_COMMENTS = YES;
				CLANG_WARN_EMPTY_BODY = YES;
				CLANG_WARN_ENUM_CONVERSION = YES;
				CLANG_WARN_INFINITE_RECURSION = YES;
				CLANG_WARN_INT_CONVERSION = YES;
				CLANG_WARN_NON_LITERAL_NULL_CONVERSION = YES;
				CLANG_WARN_OBJC_IMPLICIT_RETAIN_SELF = YES;
				CLANG_WARN_OBJC_LITERAL_CONVERSION = YES;
				CLANG_WARN_OBJC_ROOT_CLASS = YES_ERROR;
				CLANG_WARN_RANGE_LOOP_ANALYSIS = YES;
				CLANG_WARN_STRICT_PROTOTYPES = YES;
				CLANG_WARN_SUSPICIOUS_MOVE = YES;
				CLANG_WARN_UNGUARDED_AVAILABILITY = YES_AGGRESSIVE;
				CLANG_WARN_UNREACHABLE_CODE = YES;
				CLANG_WARN__DUPLICATE_METHOD_MATCH = YES;
				CODE_SIGN_IDENTITY = "iPhone Developer";
				COPY_PHASE_STRIP = NO;
				DEBUG_INFORMATION_FORMAT = dwarf;
				ENABLE_STRICT_OBJC_MSGSEND = YES;
				ENABLE_TESTABILITY = YES;
				GCC_C_LANGUAGE_STANDARD = gnu11;
				GCC_DYNAMIC_NO_PIC = NO;
				GCC_NO_COMMON_BLOCKS = YES;
				GCC_OPTIMIZATION_LEVEL = 0;
				GCC_PREPROCESSOR_DEFINITIONS = (
					"DEBUG=1",
					"$(inherited)",
				);
				GCC_WARN_64_TO_32_BIT_CONVERSION = YES;
				GCC_WARN_ABOUT_RETURN_TYPE = YES_ERROR;
				GCC_WARN_UNDECLARED_SELECTOR = YES;
				GCC_WARN_UNINITIALIZED_AUTOS = YES_AGGRESSIVE;
				GCC_WARN_UNUSED_FUNCTION = YES;
				GCC_WARN_UNUSED_VARIABLE = YES;
				IPHONEOS_DEPLOYMENT_TARGET = 10.0;
				MTL_ENABLE_DEBUG_INFO = YES;
				ONLY_ACTIVE_ARCH = YES;
				SDKROOT = iphoneos;
				SWIFT_ACTIVE_COMPILATION_CONDITIONS = DEBUG;
				SWIFT_OPTIMIZATION_LEVEL = "-Onone";
			};
			name = Debug;
		};
		3ACC4A15212538EE006A7EC5 /* Release */ = {
			isa = XCBuildConfiguration;
			buildSettings = {
				ALWAYS_SEARCH_USER_PATHS = NO;
				CLANG_ANALYZER_NONNULL = YES;
				CLANG_ANALYZER_NUMBER_OBJECT_CONVERSION = YES_AGGRESSIVE;
				CLANG_CXX_LANGUAGE_STANDARD = "gnu++14";
				CLANG_CXX_LIBRARY = "libc++";
				CLANG_ENABLE_MODULES = YES;
				CLANG_ENABLE_OBJC_ARC = YES;
				CLANG_ENABLE_OBJC_WEAK = YES;
				CLANG_WARN_BLOCK_CAPTURE_AUTORELEASING = YES;
				CLANG_WARN_BOOL_CONVERSION = YES;
				CLANG_WARN_COMMA = YES;
				CLANG_WARN_CONSTANT_CONVERSION = YES;
				CLANG_WARN_DEPRECATED_OBJC_IMPLEMENTATIONS = YES;
				CLANG_WARN_DIRECT_OBJC_ISA_USAGE = YES_ERROR;
				CLANG_WARN_DOCUMENTATION_COMMENTS = YES;
				CLANG_WARN_EMPTY_BODY = YES;
				CLANG_WARN_ENUM_CONVERSION = YES;
				CLANG_WARN_INFINITE_RECURSION = YES;
				CLANG_WARN_INT_CONVERSION = YES;
				CLANG_WARN_NON_LITERAL_NULL_CONVERSION = YES;
				CLANG_WARN_OBJC_IMPLICIT_RETAIN_SELF = YES;
				CLANG_WARN_OBJC_LITERAL_CONVERSION = YES;
				CLANG_WARN_OBJC_ROOT_CLASS = YES_ERROR;
				CLANG_WARN_RANGE_LOOP_ANALYSIS = YES;
				CLANG_WARN_STRICT_PROTOTYPES = YES;
				CLANG_WARN_SUSPICIOUS_MOVE = YES;
				CLANG_WARN_UNGUARDED_AVAILABILITY = YES_AGGRESSIVE;
				CLANG_WARN_UNREACHABLE_CODE = YES;
				CLANG_WARN__DUPLICATE_METHOD_MATCH = YES;
				CODE_SIGN_IDENTITY = "iPhone Developer";
				COPY_PHASE_STRIP = NO;
				DEBUG_INFORMATION_FORMAT = "dwarf-with-dsym";
				ENABLE_NS_ASSERTIONS = NO;
				ENABLE_STRICT_OBJC_MSGSEND = YES;
				GCC_C_LANGUAGE_STANDARD = gnu11;
				GCC_NO_COMMON_BLOCKS = YES;
				GCC_WARN_64_TO_32_BIT_CONVERSION = YES;
				GCC_WARN_ABOUT_RETURN_TYPE = YES_ERROR;
				GCC_WARN_UNDECLARED_SELECTOR = YES;
				GCC_WARN_UNINITIALIZED_AUTOS = YES_AGGRESSIVE;
				GCC_WARN_UNUSED_FUNCTION = YES;
				GCC_WARN_UNUSED_VARIABLE = YES;
				IPHONEOS_DEPLOYMENT_TARGET = 10.0;
				MTL_ENABLE_DEBUG_INFO = NO;
				SDKROOT = iphoneos;
				SWIFT_COMPILATION_MODE = wholemodule;
				SWIFT_OPTIMIZATION_LEVEL = "-O";
				VALIDATE_PRODUCT = YES;
			};
			name = Release;
		};
		3ACC4A17212538EE006A7EC5 /* Debug */ = {
			isa = XCBuildConfiguration;
			buildSettings = {
				ALWAYS_EMBED_SWIFT_STANDARD_LIBRARIES = YES;
				ASSETCATALOG_COMPILER_APPICON_NAME = AppIcon;
				CODE_SIGN_ENTITLEMENTS = akifkeyboard/akifkeyboard.entitlements;
				CODE_SIGN_STYLE = Automatic;
				DEVELOPMENT_TEAM = 28RCJTKZ47;
				INFOPLIST_FILE = akifkeyboard/Info.plist;
				IPHONEOS_DEPLOYMENT_TARGET = 10.0;
				LD_RUNPATH_SEARCH_PATHS = (
					"$(inherited)",
					"@executable_path/Frameworks",
				);
				PRODUCT_BUNDLE_IDENTIFIER = com.heren.kifboard;
				PRODUCT_NAME = "$(TARGET_NAME)";
				SWIFT_VERSION = 4.0;
				TARGETED_DEVICE_FAMILY = "1,2";
			};
			name = Debug;
		};
		3ACC4A18212538EE006A7EC5 /* Release */ = {
			isa = XCBuildConfiguration;
			buildSettings = {
				ALWAYS_EMBED_SWIFT_STANDARD_LIBRARIES = YES;
				ASSETCATALOG_COMPILER_APPICON_NAME = AppIcon;
				CODE_SIGN_ENTITLEMENTS = akifkeyboard/akifkeyboard.entitlements;
				CODE_SIGN_STYLE = Automatic;
				DEVELOPMENT_TEAM = 28RCJTKZ47;
				INFOPLIST_FILE = akifkeyboard/Info.plist;
				IPHONEOS_DEPLOYMENT_TARGET = 10.0;
				LD_RUNPATH_SEARCH_PATHS = (
					"$(inherited)",
					"@executable_path/Frameworks",
				);
				PRODUCT_BUNDLE_IDENTIFIER = com.heren.kifboard;
				PRODUCT_NAME = "$(TARGET_NAME)";
				SWIFT_VERSION = 4.0;
				TARGETED_DEVICE_FAMILY = "1,2";
			};
			name = Release;
		};
		3ACC4A2621253901006A7EC5 /* Debug */ = {
			isa = XCBuildConfiguration;
			buildSettings = {
				CODE_SIGN_ENTITLEMENTS = keyboardExtension/keyboardExtension.entitlements;
				CODE_SIGN_STYLE = Automatic;
				DEVELOPMENT_TEAM = 28RCJTKZ47;
				INFOPLIST_FILE = keyboardExtension/Info.plist;
				LD_RUNPATH_SEARCH_PATHS = (
					"$(inherited)",
					"@executable_path/Frameworks",
					"@executable_path/../../Frameworks",
				);
				PRODUCT_BUNDLE_IDENTIFIER = com.heren.kifboard.keyboardExtension;
				PRODUCT_NAME = "$(TARGET_NAME)";
				SKIP_INSTALL = YES;
				SWIFT_VERSION = 4.0;
				TARGETED_DEVICE_FAMILY = 1;
			};
			name = Debug;
		};
		3ACC4A2721253901006A7EC5 /* Release */ = {
			isa = XCBuildConfiguration;
			buildSettings = {
				CODE_SIGN_ENTITLEMENTS = keyboardExtension/keyboardExtension.entitlements;
				CODE_SIGN_STYLE = Automatic;
				DEVELOPMENT_TEAM = 28RCJTKZ47;
				INFOPLIST_FILE = keyboardExtension/Info.plist;
				LD_RUNPATH_SEARCH_PATHS = (
					"$(inherited)",
					"@executable_path/Frameworks",
					"@executable_path/../../Frameworks",
				);
				PRODUCT_BUNDLE_IDENTIFIER = com.heren.kifboard.keyboardExtension;
				PRODUCT_NAME = "$(TARGET_NAME)";
				SKIP_INSTALL = YES;
				SWIFT_VERSION = 4.0;
				TARGETED_DEVICE_FAMILY = 1;
			};
			name = Release;
		};
/* End XCBuildConfiguration section */

/* Begin XCConfigurationList section */
		3ACC49FF212538ED006A7EC5 /* Build configuration list for PBXProject "akifkeyboard" */ = {
			isa = XCConfigurationList;
			buildConfigurations = (
				3ACC4A14212538EE006A7EC5 /* Debug */,
				3ACC4A15212538EE006A7EC5 /* Release */,
			);
			defaultConfigurationIsVisible = 0;
			defaultConfigurationName = Release;
		};
		3ACC4A16212538EE006A7EC5 /* Build configuration list for PBXNativeTarget "akifkeyboard" */ = {
			isa = XCConfigurationList;
			buildConfigurations = (
				3ACC4A17212538EE006A7EC5 /* Debug */,
				3ACC4A18212538EE006A7EC5 /* Release */,
			);
			defaultConfigurationIsVisible = 0;
			defaultConfigurationName = Release;
		};
		3ACC4A2521253901006A7EC5 /* Build configuration list for PBXNativeTarget "keyboardExtension" */ = {
			isa = XCConfigurationList;
			buildConfigurations = (
				3ACC4A2621253901006A7EC5 /* Debug */,
				3ACC4A2721253901006A7EC5 /* Release */,
			);
			defaultConfigurationIsVisible = 0;
			defaultConfigurationName = Release;
		};
/* End XCConfigurationList section */
	};
	rootObject = 3ACC49FC212538ED006A7EC5 /* Project object */;
}
